// !$*UTF8*$!
{
	archiveVersion = 1;
	classes = {
	};
	objectVersion = 46;
	objects = {

/* Begin PBXBuildFile section */
		A64428E91D74A0130054CFE0 /* AppDelegate.m in Sources */ = {isa = PBXBuildFile; fileRef = A64428E81D74A0130054CFE0 /* AppDelegate.m */; };
		A64428EC1D74A0130054CFE0 /* main.m in Sources */ = {isa = PBXBuildFile; fileRef = A64428EB1D74A0130054CFE0 /* main.m */; };
		A64428EE1D74A0130054CFE0 /* Assets.xcassets in Resources */ = {isa = PBXBuildFile; fileRef = A64428ED1D74A0130054CFE0 /* Assets.xcassets */; };
		A64428F11D74A0140054CFE0 /* MainMenu.xib in Resources */ = {isa = PBXBuildFile; fileRef = A64428EF1D74A0140054CFE0 /* MainMenu.xib */; };
		A66435531D7DAFA50026AE1B /* DocumentSettings.m in Sources */ = {isa = PBXBuildFile; fileRef = A66435521D7DAFA50026AE1B /* DocumentSettings.m */; };
		A66435571D7DD0700026AE1B /* Printer.m in Sources */ = {isa = PBXBuildFile; fileRef = A66435561D7DD0700026AE1B /* Printer.m */; };
		A664355B1D7EDF910026AE1B /* GetRegistersRequest.m in Sources */ = {isa = PBXBuildFile; fileRef = A664355A1D7EDF910026AE1B /* GetRegistersRequest.m */; };
		A664355F1D7EE9610026AE1B /* Register.m in Sources */ = {isa = PBXBuildFile; fileRef = A664355E1D7EE9610026AE1B /* Register.m */; };
		A66F3B0A1D773308003EC562 /* Location.m in Sources */ = {isa = PBXBuildFile; fileRef = A66F3B091D773308003EC562 /* Location.m */; };
		A66F3B0F1D773686003EC562 /* DataManager.m in Sources */ = {isa = PBXBuildFile; fileRef = A66F3B0E1D773686003EC562 /* DataManager.m */; };
		A66F3B131D773701003EC562 /* User.m in Sources */ = {isa = PBXBuildFile; fileRef = A66F3B121D773701003EC562 /* User.m */; };
		A68809F31D78640A00520336 /* SettingsViewController.m in Sources */ = {isa = PBXBuildFile; fileRef = A68809F11D78640A00520336 /* SettingsViewController.m */; };
		A68809F41D78640A00520336 /* SettingsViewController.xib in Resources */ = {isa = PBXBuildFile; fileRef = A68809F21D78640A00520336 /* SettingsViewController.xib */; };
		A6A1CBAE1D89A67B00C42E11 /* ServiceManagement.framework in Frameworks */ = {isa = PBXBuildFile; fileRef = A6A1CBAD1D89A67B00C42E11 /* ServiceManagement.framework */; };
		A6A1CBB21D8AE22C00C42E11 /* LogManager.m in Sources */ = {isa = PBXBuildFile; fileRef = A6A1CBB11D8AE22C00C42E11 /* LogManager.m */; };
		A6A1CBB51D8AEA1900C42E11 /* NSFileManager+DirectoryLocations.m in Sources */ = {isa = PBXBuildFile; fileRef = A6A1CBB41D8AEA1900C42E11 /* NSFileManager+DirectoryLocations.m */; };
		A6A486241D8836A300B98125 /* LoginManager.m in Sources */ = {isa = PBXBuildFile; fileRef = A6A486231D8836A300B98125 /* LoginManager.m */; };
		A6A4862F1D89A0E100B98125 /* AppDelegate.m in Sources */ = {isa = PBXBuildFile; fileRef = A6A4862E1D89A0E100B98125 /* AppDelegate.m */; };
		A6A486321D89A0E100B98125 /* main.m in Sources */ = {isa = PBXBuildFile; fileRef = A6A486311D89A0E100B98125 /* main.m */; };
		A6A486341D89A0E100B98125 /* Assets.xcassets in Resources */ = {isa = PBXBuildFile; fileRef = A6A486331D89A0E100B98125 /* Assets.xcassets */; };
		A6A486371D89A0E100B98125 /* MainMenu.xib in Resources */ = {isa = PBXBuildFile; fileRef = A6A486351D89A0E100B98125 /* MainMenu.xib */; };
		A6A4863D1D89A18000B98125 /* AutoPrintrHelper.app in CopyFiles */ = {isa = PBXBuildFile; fileRef = A6A4862B1D89A0E100B98125 /* AutoPrintrHelper.app */; settings = {ATTRIBUTES = (RemoveHeadersOnCopy, ); }; };
		A6C192B31D74B4A300D28CE7 /* LoginViewController.m in Sources */ = {isa = PBXBuildFile; fileRef = A6C192B11D74B4A300D28CE7 /* LoginViewController.m */; };
		A6C192B41D74B4A300D28CE7 /* LoginViewController.xib in Resources */ = {isa = PBXBuildFile; fileRef = A6C192B21D74B4A300D28CE7 /* LoginViewController.xib */; };
		A6E5707B1D82E73200AC51B0 /* PusherManager.m in Sources */ = {isa = PBXBuildFile; fileRef = A6E5707A1D82E73200AC51B0 /* PusherManager.m */; };
		A6E570801D82F4D400AC51B0 /* PrintJob.m in Sources */ = {isa = PBXBuildFile; fileRef = A6E5707F1D82F4D400AC51B0 /* PrintJob.m */; };
		A6F1441F1D75A9F400621872 /* LoginRequest.m in Sources */ = {isa = PBXBuildFile; fileRef = A6F1441E1D75A9F400621872 /* LoginRequest.m */; };
		A6F144271D75B42C00621872 /* NSViewController+Alert.m in Sources */ = {isa = PBXBuildFile; fileRef = A6F144261D75B42C00621872 /* NSViewController+Alert.m */; };
		A6F1442A1D75B43E00621872 /* BaseRequest.m in Sources */ = {isa = PBXBuildFile; fileRef = A6F144291D75B43E00621872 /* BaseRequest.m */; };
		A6F1442E1D75B54300621872 /* AlertViewManager.m in Sources */ = {isa = PBXBuildFile; fileRef = A6F1442D1D75B54300621872 /* AlertViewManager.m */; };
		A6F144321D75CA7400621872 /* PresentationAnimator.m in Sources */ = {isa = PBXBuildFile; fileRef = A6F144311D75CA7400621872 /* PresentationAnimator.m */; };
		A6F144381D75D5E900621872 /* SelectLocationViewController.m in Sources */ = {isa = PBXBuildFile; fileRef = A6F144361D75D5E900621872 /* SelectLocationViewController.m */; };
		A6F144391D75D5E900621872 /* SelectLocationViewController.xib in Resources */ = {isa = PBXBuildFile; fileRef = A6F144371D75D5E900621872 /* SelectLocationViewController.xib */; };
		CA7858FB383C441844D6378D /* libPods-AutoPrintr-mac.a in Frameworks */ = {isa = PBXBuildFile; fileRef = DD1A81E275A51889BDE5875E /* libPods-AutoPrintr-mac.a */; };
/* End PBXBuildFile section */

/* Begin PBXCopyFilesBuildPhase section */
		A6A4863C1D89A15400B98125 /* CopyFiles */ = {
			isa = PBXCopyFilesBuildPhase;
			buildActionMask = 2147483647;
			dstPath = Contents/Library/LoginItems;
			dstSubfolderSpec = 1;
			files = (
				A6A4863D1D89A18000B98125 /* AutoPrintrHelper.app in CopyFiles */,
			);
			runOnlyForDeploymentPostprocessing = 0;
		};
/* End PBXCopyFilesBuildPhase section */

/* Begin PBXFileReference section */
		A64428E41D74A0130054CFE0 /* AutoPrintr-mac.app */ = {isa = PBXFileReference; explicitFileType = wrapper.application; includeInIndex = 0; path = "AutoPrintr-mac.app"; sourceTree = BUILT_PRODUCTS_DIR; };
		A64428E71D74A0130054CFE0 /* AppDelegate.h */ = {isa = PBXFileReference; lastKnownFileType = sourcecode.c.h; path = AppDelegate.h; sourceTree = "<group>"; };
		A64428E81D74A0130054CFE0 /* AppDelegate.m */ = {isa = PBXFileReference; lastKnownFileType = sourcecode.c.objc; path = AppDelegate.m; sourceTree = "<group>"; };
		A64428EB1D74A0130054CFE0 /* main.m */ = {isa = PBXFileReference; lastKnownFileType = sourcecode.c.objc; path = main.m; sourceTree = "<group>"; };
		A64428ED1D74A0130054CFE0 /* Assets.xcassets */ = {isa = PBXFileReference; lastKnownFileType = folder.assetcatalog; path = Assets.xcassets; sourceTree = "<group>"; };
		A64428F01D74A0140054CFE0 /* Base */ = {isa = PBXFileReference; lastKnownFileType = file.xib; name = Base; path = Base.lproj/MainMenu.xib; sourceTree = "<group>"; };
		A64428F21D74A0140054CFE0 /* Info.plist */ = {isa = PBXFileReference; lastKnownFileType = text.plist.xml; path = Info.plist; sourceTree = "<group>"; };
		A66435511D7DAFA50026AE1B /* DocumentSettings.h */ = {isa = PBXFileReference; fileEncoding = 4; lastKnownFileType = sourcecode.c.h; name = DocumentSettings.h; path = Models/DocumentSettings.h; sourceTree = "<group>"; };
		A66435521D7DAFA50026AE1B /* DocumentSettings.m */ = {isa = PBXFileReference; fileEncoding = 4; lastKnownFileType = sourcecode.c.objc; name = DocumentSettings.m; path = Models/DocumentSettings.m; sourceTree = "<group>"; };
		A66435551D7DD0700026AE1B /* Printer.h */ = {isa = PBXFileReference; fileEncoding = 4; lastKnownFileType = sourcecode.c.h; name = Printer.h; path = Models/Printer.h; sourceTree = "<group>"; };
		A66435561D7DD0700026AE1B /* Printer.m */ = {isa = PBXFileReference; fileEncoding = 4; lastKnownFileType = sourcecode.c.objc; name = Printer.m; path = Models/Printer.m; sourceTree = "<group>"; };
		A66435591D7EDF910026AE1B /* GetRegistersRequest.h */ = {isa = PBXFileReference; fileEncoding = 4; lastKnownFileType = sourcecode.c.h; name = GetRegistersRequest.h; path = Requests/GetRegistersRequest.h; sourceTree = "<group>"; };
		A664355A1D7EDF910026AE1B /* GetRegistersRequest.m */ = {isa = PBXFileReference; fileEncoding = 4; lastKnownFileType = sourcecode.c.objc; name = GetRegistersRequest.m; path = Requests/GetRegistersRequest.m; sourceTree = "<group>"; };
		A664355D1D7EE9610026AE1B /* Register.h */ = {isa = PBXFileReference; fileEncoding = 4; lastKnownFileType = sourcecode.c.h; name = Register.h; path = Models/Register.h; sourceTree = "<group>"; };
		A664355E1D7EE9610026AE1B /* Register.m */ = {isa = PBXFileReference; fileEncoding = 4; lastKnownFileType = sourcecode.c.objc; name = Register.m; path = Models/Register.m; sourceTree = "<group>"; };
		A66F3B081D773308003EC562 /* Location.h */ = {isa = PBXFileReference; fileEncoding = 4; lastKnownFileType = sourcecode.c.h; name = Location.h; path = Models/Location.h; sourceTree = "<group>"; };
		A66F3B091D773308003EC562 /* Location.m */ = {isa = PBXFileReference; fileEncoding = 4; lastKnownFileType = sourcecode.c.objc; name = Location.m; path = Models/Location.m; sourceTree = "<group>"; };
		A66F3B0D1D773686003EC562 /* DataManager.h */ = {isa = PBXFileReference; fileEncoding = 4; lastKnownFileType = sourcecode.c.h; name = DataManager.h; path = Models/DataManager.h; sourceTree = "<group>"; };
		A66F3B0E1D773686003EC562 /* DataManager.m */ = {isa = PBXFileReference; fileEncoding = 4; lastKnownFileType = sourcecode.c.objc; name = DataManager.m; path = Models/DataManager.m; sourceTree = "<group>"; };
		A66F3B111D773701003EC562 /* User.h */ = {isa = PBXFileReference; fileEncoding = 4; lastKnownFileType = sourcecode.c.h; name = User.h; path = Models/User.h; sourceTree = "<group>"; };
		A66F3B121D773701003EC562 /* User.m */ = {isa = PBXFileReference; fileEncoding = 4; lastKnownFileType = sourcecode.c.objc; name = User.m; path = Models/User.m; sourceTree = "<group>"; };
		A68809F01D78640A00520336 /* SettingsViewController.h */ = {isa = PBXFileReference; fileEncoding = 4; lastKnownFileType = sourcecode.c.h; name = SettingsViewController.h; path = Controllers/SettingsViewController.h; sourceTree = "<group>"; };
		A68809F11D78640A00520336 /* SettingsViewController.m */ = {isa = PBXFileReference; fileEncoding = 4; lastKnownFileType = sourcecode.c.objc; name = SettingsViewController.m; path = Controllers/SettingsViewController.m; sourceTree = "<group>"; };
		A68809F21D78640A00520336 /* SettingsViewController.xib */ = {isa = PBXFileReference; fileEncoding = 4; lastKnownFileType = file.xib; name = SettingsViewController.xib; path = Controllers/SettingsViewController.xib; sourceTree = "<group>"; };
		A6A1CBAD1D89A67B00C42E11 /* ServiceManagement.framework */ = {isa = PBXFileReference; lastKnownFileType = wrapper.framework; name = ServiceManagement.framework; path = System/Library/Frameworks/ServiceManagement.framework; sourceTree = SDKROOT; };
		A6A1CBB01D8AE22C00C42E11 /* LogManager.h */ = {isa = PBXFileReference; fileEncoding = 4; lastKnownFileType = sourcecode.c.h; name = LogManager.h; path = Models/LogManager.h; sourceTree = "<group>"; };
		A6A1CBB11D8AE22C00C42E11 /* LogManager.m */ = {isa = PBXFileReference; fileEncoding = 4; lastKnownFileType = sourcecode.c.objc; name = LogManager.m; path = Models/LogManager.m; sourceTree = "<group>"; };
		A6A1CBB31D8AEA1900C42E11 /* NSFileManager+DirectoryLocations.h */ = {isa = PBXFileReference; fileEncoding = 4; lastKnownFileType = sourcecode.c.h; path = "NSFileManager+DirectoryLocations.h"; sourceTree = "<group>"; };
		A6A1CBB41D8AEA1900C42E11 /* NSFileManager+DirectoryLocations.m */ = {isa = PBXFileReference; fileEncoding = 4; lastKnownFileType = sourcecode.c.objc; path = "NSFileManager+DirectoryLocations.m"; sourceTree = "<group>"; };
		A6A486221D8836A300B98125 /* LoginManager.h */ = {isa = PBXFileReference; fileEncoding = 4; lastKnownFileType = sourcecode.c.h; name = LoginManager.h; path = Models/LoginManager.h; sourceTree = "<group>"; };
		A6A486231D8836A300B98125 /* LoginManager.m */ = {isa = PBXFileReference; fileEncoding = 4; lastKnownFileType = sourcecode.c.objc; name = LoginManager.m; path = Models/LoginManager.m; sourceTree = "<group>"; };
		A6A4862B1D89A0E100B98125 /* AutoPrintrHelper.app */ = {isa = PBXFileReference; explicitFileType = wrapper.application; includeInIndex = 0; path = AutoPrintrHelper.app; sourceTree = BUILT_PRODUCTS_DIR; };
		A6A4862D1D89A0E100B98125 /* AppDelegate.h */ = {isa = PBXFileReference; lastKnownFileType = sourcecode.c.h; path = AppDelegate.h; sourceTree = "<group>"; };
		A6A4862E1D89A0E100B98125 /* AppDelegate.m */ = {isa = PBXFileReference; lastKnownFileType = sourcecode.c.objc; path = AppDelegate.m; sourceTree = "<group>"; };
		A6A486311D89A0E100B98125 /* main.m */ = {isa = PBXFileReference; lastKnownFileType = sourcecode.c.objc; path = main.m; sourceTree = "<group>"; };
		A6A486331D89A0E100B98125 /* Assets.xcassets */ = {isa = PBXFileReference; lastKnownFileType = folder.assetcatalog; path = Assets.xcassets; sourceTree = "<group>"; };
		A6A486361D89A0E100B98125 /* Base */ = {isa = PBXFileReference; lastKnownFileType = file.xib; name = Base; path = Base.lproj/MainMenu.xib; sourceTree = "<group>"; };
		A6A486381D89A0E100B98125 /* Info.plist */ = {isa = PBXFileReference; lastKnownFileType = text.plist.xml; path = Info.plist; sourceTree = "<group>"; };
		A6C192B01D74B4A300D28CE7 /* LoginViewController.h */ = {isa = PBXFileReference; fileEncoding = 4; lastKnownFileType = sourcecode.c.h; name = LoginViewController.h; path = Controllers/LoginViewController.h; sourceTree = "<group>"; };
		A6C192B11D74B4A300D28CE7 /* LoginViewController.m */ = {isa = PBXFileReference; fileEncoding = 4; lastKnownFileType = sourcecode.c.objc; name = LoginViewController.m; path = Controllers/LoginViewController.m; sourceTree = "<group>"; };
		A6C192B21D74B4A300D28CE7 /* LoginViewController.xib */ = {isa = PBXFileReference; fileEncoding = 4; lastKnownFileType = file.xib; name = LoginViewController.xib; path = Controllers/LoginViewController.xib; sourceTree = "<group>"; };
		A6E570791D82E73200AC51B0 /* PusherManager.h */ = {isa = PBXFileReference; fileEncoding = 4; lastKnownFileType = sourcecode.c.h; name = PusherManager.h; path = Requests/PusherManager.h; sourceTree = "<group>"; };
		A6E5707A1D82E73200AC51B0 /* PusherManager.m */ = {isa = PBXFileReference; fileEncoding = 4; lastKnownFileType = sourcecode.c.objc; name = PusherManager.m; path = Requests/PusherManager.m; sourceTree = "<group>"; };
		A6E5707C1D82E98900AC51B0 /* AppKeys.h */ = {isa = PBXFileReference; lastKnownFileType = sourcecode.c.h; path = AppKeys.h; sourceTree = "<group>"; };
		A6E5707E1D82F4D400AC51B0 /* PrintJob.h */ = {isa = PBXFileReference; fileEncoding = 4; lastKnownFileType = sourcecode.c.h; name = PrintJob.h; path = Models/PrintJob.h; sourceTree = "<group>"; };
		A6E5707F1D82F4D400AC51B0 /* PrintJob.m */ = {isa = PBXFileReference; fileEncoding = 4; lastKnownFileType = sourcecode.c.objc; name = PrintJob.m; path = Models/PrintJob.m; sourceTree = "<group>"; };
		A6F1441D1D75A9F400621872 /* LoginRequest.h */ = {isa = PBXFileReference; fileEncoding = 4; lastKnownFileType = sourcecode.c.h; name = LoginRequest.h; path = Requests/LoginRequest.h; sourceTree = "<group>"; };
		A6F1441E1D75A9F400621872 /* LoginRequest.m */ = {isa = PBXFileReference; fileEncoding = 4; lastKnownFileType = sourcecode.c.objc; name = LoginRequest.m; path = Requests/LoginRequest.m; sourceTree = "<group>"; };
		A6F144251D75B42C00621872 /* NSViewController+Alert.h */ = {isa = PBXFileReference; fileEncoding = 4; lastKnownFileType = sourcecode.c.h; name = "NSViewController+Alert.h"; path = "Helpers/NSViewController+Alert.h"; sourceTree = "<group>"; };
		A6F144261D75B42C00621872 /* NSViewController+Alert.m */ = {isa = PBXFileReference; fileEncoding = 4; lastKnownFileType = sourcecode.c.objc; name = "NSViewController+Alert.m"; path = "Helpers/NSViewController+Alert.m"; sourceTree = "<group>"; };
		A6F144281D75B43E00621872 /* BaseRequest.h */ = {isa = PBXFileReference; fileEncoding = 4; lastKnownFileType = sourcecode.c.h; name = BaseRequest.h; path = Requests/BaseRequest.h; sourceTree = "<group>"; };
		A6F144291D75B43E00621872 /* BaseRequest.m */ = {isa = PBXFileReference; fileEncoding = 4; lastKnownFileType = sourcecode.c.objc; name = BaseRequest.m; path = Requests/BaseRequest.m; sourceTree = "<group>"; };
		A6F1442C1D75B54300621872 /* AlertViewManager.h */ = {isa = PBXFileReference; fileEncoding = 4; lastKnownFileType = sourcecode.c.h; name = AlertViewManager.h; path = Helpers/AlertViewManager.h; sourceTree = "<group>"; };
		A6F1442D1D75B54300621872 /* AlertViewManager.m */ = {isa = PBXFileReference; fileEncoding = 4; lastKnownFileType = sourcecode.c.objc; name = AlertViewManager.m; path = Helpers/AlertViewManager.m; sourceTree = "<group>"; };
		A6F144301D75CA7400621872 /* PresentationAnimator.h */ = {isa = PBXFileReference; fileEncoding = 4; lastKnownFileType = sourcecode.c.h; name = PresentationAnimator.h; path = Helpers/PresentationAnimator.h; sourceTree = "<group>"; };
		A6F144311D75CA7400621872 /* PresentationAnimator.m */ = {isa = PBXFileReference; fileEncoding = 4; lastKnownFileType = sourcecode.c.objc; name = PresentationAnimator.m; path = Helpers/PresentationAnimator.m; sourceTree = "<group>"; };
		A6F144351D75D5E900621872 /* SelectLocationViewController.h */ = {isa = PBXFileReference; fileEncoding = 4; lastKnownFileType = sourcecode.c.h; name = SelectLocationViewController.h; path = Controllers/SelectLocationViewController.h; sourceTree = "<group>"; };
		A6F144361D75D5E900621872 /* SelectLocationViewController.m */ = {isa = PBXFileReference; fileEncoding = 4; lastKnownFileType = sourcecode.c.objc; name = SelectLocationViewController.m; path = Controllers/SelectLocationViewController.m; sourceTree = "<group>"; };
		A6F144371D75D5E900621872 /* SelectLocationViewController.xib */ = {isa = PBXFileReference; fileEncoding = 4; lastKnownFileType = file.xib; name = SelectLocationViewController.xib; path = Controllers/SelectLocationViewController.xib; sourceTree = "<group>"; };
		D922A78609F8070A2D55325F /* Pods-AutoPrintr-mac.release.xcconfig */ = {isa = PBXFileReference; includeInIndex = 1; lastKnownFileType = text.xcconfig; name = "Pods-AutoPrintr-mac.release.xcconfig"; path = "Pods/Target Support Files/Pods-AutoPrintr-mac/Pods-AutoPrintr-mac.release.xcconfig"; sourceTree = "<group>"; };
		DD1A81E275A51889BDE5875E /* libPods-AutoPrintr-mac.a */ = {isa = PBXFileReference; explicitFileType = archive.ar; includeInIndex = 0; path = "libPods-AutoPrintr-mac.a"; sourceTree = BUILT_PRODUCTS_DIR; };
		DDFF42781D39084408BF301F /* Pods-AutoPrintr-mac.debug.xcconfig */ = {isa = PBXFileReference; includeInIndex = 1; lastKnownFileType = text.xcconfig; name = "Pods-AutoPrintr-mac.debug.xcconfig"; path = "Pods/Target Support Files/Pods-AutoPrintr-mac/Pods-AutoPrintr-mac.debug.xcconfig"; sourceTree = "<group>"; };
/* End PBXFileReference section */

/* Begin PBXFrameworksBuildPhase section */
		A64428E11D74A0130054CFE0 /* Frameworks */ = {
			isa = PBXFrameworksBuildPhase;
			buildActionMask = 2147483647;
			files = (
				A6A1CBAE1D89A67B00C42E11 /* ServiceManagement.framework in Frameworks */,
				CA7858FB383C441844D6378D /* libPods-AutoPrintr-mac.a in Frameworks */,
			);
			runOnlyForDeploymentPostprocessing = 0;
		};
		A6A486281D89A0E100B98125 /* Frameworks */ = {
			isa = PBXFrameworksBuildPhase;
			buildActionMask = 2147483647;
			files = (
			);
			runOnlyForDeploymentPostprocessing = 0;
		};
/* End PBXFrameworksBuildPhase section */

/* Begin PBXGroup section */
		5941AEA651B9821C15FAE45E /* Frameworks */ = {
			isa = PBXGroup;
			children = (
				A6A1CBAD1D89A67B00C42E11 /* ServiceManagement.framework */,
				DD1A81E275A51889BDE5875E /* libPods-AutoPrintr-mac.a */,
			);
			name = Frameworks;
			sourceTree = "<group>";
		};
		A64428DB1D74A0130054CFE0 = {
			isa = PBXGroup;
			children = (
				A64428E61D74A0130054CFE0 /* AutoPrintr-mac */,
				A6A4862C1D89A0E100B98125 /* AutoPrintrHelper */,
				A64428E51D74A0130054CFE0 /* Products */,
				B2732D3C97FAA74CE538D866 /* Pods */,
				5941AEA651B9821C15FAE45E /* Frameworks */,
			);
			sourceTree = "<group>";
		};
		A64428E51D74A0130054CFE0 /* Products */ = {
			isa = PBXGroup;
			children = (
				A64428E41D74A0130054CFE0 /* AutoPrintr-mac.app */,
				A6A4862B1D89A0E100B98125 /* AutoPrintrHelper.app */,
			);
			name = Products;
			sourceTree = "<group>";
		};
		A64428E61D74A0130054CFE0 /* AutoPrintr-mac */ = {
			isa = PBXGroup;
			children = (
				A66F3B0B1D7735F1003EC562 /* Managers */,
				A66F3B061D7732DD003EC562 /* Models */,
				A6F144201D75B37800621872 /* Helpers */,
				A6C192F71D75A50C00D28CE7 /* Requests */,
				A6C192AF1D74B48400D28CE7 /* Controllers */,
				A64428E71D74A0130054CFE0 /* AppDelegate.h */,
				A64428E81D74A0130054CFE0 /* AppDelegate.m */,
				A64428ED1D74A0130054CFE0 /* Assets.xcassets */,
				A64428EF1D74A0140054CFE0 /* MainMenu.xib */,
				A64428F21D74A0140054CFE0 /* Info.plist */,
				A6C192AA1D74AA7600D28CE7 /* Resources */,
				A64428EA1D74A0130054CFE0 /* Supporting Files */,
			);
			path = "AutoPrintr-mac";
			sourceTree = "<group>";
		};
		A64428EA1D74A0130054CFE0 /* Supporting Files */ = {
			isa = PBXGroup;
			children = (
				A64428EB1D74A0130054CFE0 /* main.m */,
			);
			name = "Supporting Files";
			sourceTree = "<group>";
		};
		A66435501D7DAEDB0026AE1B /* DocumentSettings */ = {
			isa = PBXGroup;
			children = (
				A66435511D7DAFA50026AE1B /* DocumentSettings.h */,
				A66435521D7DAFA50026AE1B /* DocumentSettings.m */,
			);
			name = DocumentSettings;
			sourceTree = "<group>";
		};
		A66435541D7DD0610026AE1B /* Printer */ = {
			isa = PBXGroup;
			children = (
				A66435551D7DD0700026AE1B /* Printer.h */,
				A66435561D7DD0700026AE1B /* Printer.m */,
			);
			name = Printer;
			sourceTree = "<group>";
		};
		A66435581D7EDF500026AE1B /* GetRegistersRequest */ = {
			isa = PBXGroup;
			children = (
				A66435591D7EDF910026AE1B /* GetRegistersRequest.h */,
				A664355A1D7EDF910026AE1B /* GetRegistersRequest.m */,
			);
			name = GetRegistersRequest;
			sourceTree = "<group>";
		};
		A664355C1D7EE91F0026AE1B /* Register */ = {
			isa = PBXGroup;
			children = (
				A664355D1D7EE9610026AE1B /* Register.h */,
				A664355E1D7EE9610026AE1B /* Register.m */,
			);
			name = Register;
			sourceTree = "<group>";
		};
		A66F3B061D7732DD003EC562 /* Models */ = {
			isa = PBXGroup;
			children = (
				A6E5707D1D82F4BC00AC51B0 /* PrintJob */,
				A664355C1D7EE91F0026AE1B /* Register */,
				A66435541D7DD0610026AE1B /* Printer */,
				A66435501D7DAEDB0026AE1B /* DocumentSettings */,
				A66F3B101D7736F1003EC562 /* User */,
				A66F3B071D7732E8003EC562 /* Location */,
			);
			name = Models;
			sourceTree = "<group>";
		};
		A66F3B071D7732E8003EC562 /* Location */ = {
			isa = PBXGroup;
			children = (
				A66F3B081D773308003EC562 /* Location.h */,
				A66F3B091D773308003EC562 /* Location.m */,
			);
			name = Location;
			sourceTree = "<group>";
		};
		A66F3B0B1D7735F1003EC562 /* Managers */ = {
			isa = PBXGroup;
			children = (
				A6A1CBAF1D8AE21900C42E11 /* LogManager */,
				A6A486211D8835C100B98125 /* LoginManager */,
				A6E570781D82E70C00AC51B0 /* PusherManager */,
				A66F3B0C1D7735F9003EC562 /* DataManager */,
				A6E5707C1D82E98900AC51B0 /* AppKeys.h */,
			);
			name = Managers;
			sourceTree = "<group>";
		};
		A66F3B0C1D7735F9003EC562 /* DataManager */ = {
			isa = PBXGroup;
			children = (
				A66F3B0D1D773686003EC562 /* DataManager.h */,
				A66F3B0E1D773686003EC562 /* DataManager.m */,
			);
			name = DataManager;
			sourceTree = "<group>";
		};
		A66F3B101D7736F1003EC562 /* User */ = {
			isa = PBXGroup;
			children = (
				A66F3B111D773701003EC562 /* User.h */,
				A66F3B121D773701003EC562 /* User.m */,
			);
			name = User;
			sourceTree = "<group>";
		};
		A68809EF1D7863C900520336 /* SettingsViewController */ = {
			isa = PBXGroup;
			children = (
				A68809F01D78640A00520336 /* SettingsViewController.h */,
				A68809F11D78640A00520336 /* SettingsViewController.m */,
				A68809F21D78640A00520336 /* SettingsViewController.xib */,
			);
			name = SettingsViewController;
			sourceTree = "<group>";
		};
		A6A1CBAF1D8AE21900C42E11 /* LogManager */ = {
			isa = PBXGroup;
			children = (
				A6A1CBB01D8AE22C00C42E11 /* LogManager.h */,
				A6A1CBB11D8AE22C00C42E11 /* LogManager.m */,
			);
			name = LogManager;
			sourceTree = "<group>";
		};
		A6A1CBB61D8AEA2100C42E11 /* NSFileManager+DirectoryLocations */ = {
			isa = PBXGroup;
			children = (
				A6A1CBB31D8AEA1900C42E11 /* NSFileManager+DirectoryLocations.h */,
				A6A1CBB41D8AEA1900C42E11 /* NSFileManager+DirectoryLocations.m */,
			);
			name = "NSFileManager+DirectoryLocations";
			sourceTree = "<group>";
		};
		A6A486211D8835C100B98125 /* LoginManager */ = {
			isa = PBXGroup;
			children = (
				A6A486221D8836A300B98125 /* LoginManager.h */,
				A6A486231D8836A300B98125 /* LoginManager.m */,
			);
			name = LoginManager;
			sourceTree = "<group>";
		};
		A6A4862C1D89A0E100B98125 /* AutoPrintrHelper */ = {
			isa = PBXGroup;
			children = (
				A6A4862D1D89A0E100B98125 /* AppDelegate.h */,
				A6A4862E1D89A0E100B98125 /* AppDelegate.m */,
				A6A486331D89A0E100B98125 /* Assets.xcassets */,
				A6A486351D89A0E100B98125 /* MainMenu.xib */,
				A6A486381D89A0E100B98125 /* Info.plist */,
				A6A486301D89A0E100B98125 /* Supporting Files */,
			);
			path = AutoPrintrHelper;
			sourceTree = "<group>";
		};
		A6A486301D89A0E100B98125 /* Supporting Files */ = {
			isa = PBXGroup;
			children = (
				A6A486311D89A0E100B98125 /* main.m */,
			);
			name = "Supporting Files";
			sourceTree = "<group>";
		};
		A6C192AA1D74AA7600D28CE7 /* Resources */ = {
			isa = PBXGroup;
			children = (
			);
			name = Resources;
			sourceTree = "<group>";
		};
		A6C192AF1D74B48400D28CE7 /* Controllers */ = {
			isa = PBXGroup;
			children = (
				A68809EF1D7863C900520336 /* SettingsViewController */,
				A6F144341D75D5A000621872 /* SelectLocationViewController */,
				A6F144331D75D59500621872 /* LoginViewController */,
			);
			name = Controllers;
			sourceTree = "<group>";
		};
		A6C192F71D75A50C00D28CE7 /* Requests */ = {
			isa = PBXGroup;
			children = (
				A66435581D7EDF500026AE1B /* GetRegistersRequest */,
				A6C192F91D75A70400D28CE7 /* LoginRequest */,
				A6C192F81D75A59800D28CE7 /* BaseRequest */,
			);
			name = Requests;
			sourceTree = "<group>";
		};
		A6C192F81D75A59800D28CE7 /* BaseRequest */ = {
			isa = PBXGroup;
			children = (
				A6F144281D75B43E00621872 /* BaseRequest.h */,
				A6F144291D75B43E00621872 /* BaseRequest.m */,
			);
			name = BaseRequest;
			sourceTree = "<group>";
		};
		A6C192F91D75A70400D28CE7 /* LoginRequest */ = {
			isa = PBXGroup;
			children = (
				A6F1441D1D75A9F400621872 /* LoginRequest.h */,
				A6F1441E1D75A9F400621872 /* LoginRequest.m */,
			);
			name = LoginRequest;
			sourceTree = "<group>";
		};
		A6E570781D82E70C00AC51B0 /* PusherManager */ = {
			isa = PBXGroup;
			children = (
				A6E570791D82E73200AC51B0 /* PusherManager.h */,
				A6E5707A1D82E73200AC51B0 /* PusherManager.m */,
			);
			name = PusherManager;
			sourceTree = "<group>";
		};
		A6E5707D1D82F4BC00AC51B0 /* PrintJob */ = {
			isa = PBXGroup;
			children = (
				A6E5707E1D82F4D400AC51B0 /* PrintJob.h */,
				A6E5707F1D82F4D400AC51B0 /* PrintJob.m */,
			);
			name = PrintJob;
			sourceTree = "<group>";
		};
		A6F144201D75B37800621872 /* Helpers */ = {
			isa = PBXGroup;
			children = (
				A6A1CBB61D8AEA2100C42E11 /* NSFileManager+DirectoryLocations */,
				A6F1442F1D75CA4300621872 /* PresentationAnimator */,
				A6F1442B1D75B53000621872 /* AlertViewManager */,
				A6F144241D75B40100621872 /* NSViewController+Alert */,
			);
			name = Helpers;
			sourceTree = "<group>";
		};
		A6F144241D75B40100621872 /* NSViewController+Alert */ = {
			isa = PBXGroup;
			children = (
				A6F144251D75B42C00621872 /* NSViewController+Alert.h */,
				A6F144261D75B42C00621872 /* NSViewController+Alert.m */,
			);
			name = "NSViewController+Alert";
			sourceTree = "<group>";
		};
		A6F1442B1D75B53000621872 /* AlertViewManager */ = {
			isa = PBXGroup;
			children = (
				A6F1442C1D75B54300621872 /* AlertViewManager.h */,
				A6F1442D1D75B54300621872 /* AlertViewManager.m */,
			);
			name = AlertViewManager;
			sourceTree = "<group>";
		};
		A6F1442F1D75CA4300621872 /* PresentationAnimator */ = {
			isa = PBXGroup;
			children = (
				A6F144301D75CA7400621872 /* PresentationAnimator.h */,
				A6F144311D75CA7400621872 /* PresentationAnimator.m */,
			);
			name = PresentationAnimator;
			sourceTree = "<group>";
		};
		A6F144331D75D59500621872 /* LoginViewController */ = {
			isa = PBXGroup;
			children = (
				A6C192B01D74B4A300D28CE7 /* LoginViewController.h */,
				A6C192B11D74B4A300D28CE7 /* LoginViewController.m */,
				A6C192B21D74B4A300D28CE7 /* LoginViewController.xib */,
			);
			name = LoginViewController;
			sourceTree = "<group>";
		};
		A6F144341D75D5A000621872 /* SelectLocationViewController */ = {
			isa = PBXGroup;
			children = (
				A6F144351D75D5E900621872 /* SelectLocationViewController.h */,
				A6F144361D75D5E900621872 /* SelectLocationViewController.m */,
				A6F144371D75D5E900621872 /* SelectLocationViewController.xib */,
			);
			name = SelectLocationViewController;
			sourceTree = "<group>";
		};
		B2732D3C97FAA74CE538D866 /* Pods */ = {
			isa = PBXGroup;
			children = (
				DDFF42781D39084408BF301F /* Pods-AutoPrintr-mac.debug.xcconfig */,
				D922A78609F8070A2D55325F /* Pods-AutoPrintr-mac.release.xcconfig */,
			);
			name = Pods;
			sourceTree = "<group>";
		};
/* End PBXGroup section */

/* Begin PBXNativeTarget section */
		A64428E31D74A0130054CFE0 /* AutoPrintr-mac */ = {
			isa = PBXNativeTarget;
			buildConfigurationList = A64428F51D74A0140054CFE0 /* Build configuration list for PBXNativeTarget "AutoPrintr-mac" */;
			buildPhases = (
				3AE05B7386BE3D7D901B6837 /* Check Pods Manifest.lock */,
				A64428E01D74A0130054CFE0 /* Sources */,
				A64428E11D74A0130054CFE0 /* Frameworks */,
				A64428E21D74A0130054CFE0 /* Resources */,
				0EA86FD8BC88791BECED7A9F /* Embed Pods Frameworks */,
				52B7EF6055847987F8359CFC /* Copy Pods Resources */,
				A6A4863C1D89A15400B98125 /* CopyFiles */,
			);
			buildRules = (
			);
			dependencies = (
			);
			name = "AutoPrintr-mac";
			productName = "AutoPrintr-mac";
			productReference = A64428E41D74A0130054CFE0 /* AutoPrintr-mac.app */;
			productType = "com.apple.product-type.application";
		};
		A6A4862A1D89A0E100B98125 /* AutoPrintrHelper */ = {
			isa = PBXNativeTarget;
			buildConfigurationList = A6A486391D89A0E100B98125 /* Build configuration list for PBXNativeTarget "AutoPrintrHelper" */;
			buildPhases = (
				A6A486271D89A0E100B98125 /* Sources */,
				A6A486281D89A0E100B98125 /* Frameworks */,
				A6A486291D89A0E100B98125 /* Resources */,
			);
			buildRules = (
			);
			dependencies = (
			);
			name = AutoPrintrHelper;
			productName = AutoPrintrHelper;
			productReference = A6A4862B1D89A0E100B98125 /* AutoPrintrHelper.app */;
			productType = "com.apple.product-type.application";
		};
/* End PBXNativeTarget section */

/* Begin PBXProject section */
		A64428DC1D74A0130054CFE0 /* Project object */ = {
			isa = PBXProject;
			attributes = {
				LastUpgradeCheck = 0730;
				ORGANIZATIONNAME = "Catalin Haidau";
				TargetAttributes = {
					A64428E31D74A0130054CFE0 = {
						CreatedOnToolsVersion = 7.3.1;
					};
					A6A4862A1D89A0E100B98125 = {
						CreatedOnToolsVersion = 7.3.1;
					};
				};
			};
			buildConfigurationList = A64428DF1D74A0130054CFE0 /* Build configuration list for PBXProject "AutoPrintr-mac" */;
			compatibilityVersion = "Xcode 3.2";
			developmentRegion = English;
			hasScannedForEncodings = 0;
			knownRegions = (
				en,
				Base,
			);
			mainGroup = A64428DB1D74A0130054CFE0;
			productRefGroup = A64428E51D74A0130054CFE0 /* Products */;
			projectDirPath = "";
			projectRoot = "";
			targets = (
				A64428E31D74A0130054CFE0 /* AutoPrintr-mac */,
				A6A4862A1D89A0E100B98125 /* AutoPrintrHelper */,
			);
		};
/* End PBXProject section */

/* Begin PBXResourcesBuildPhase section */
		A64428E21D74A0130054CFE0 /* Resources */ = {
			isa = PBXResourcesBuildPhase;
			buildActionMask = 2147483647;
			files = (
				A64428EE1D74A0130054CFE0 /* Assets.xcassets in Resources */,
				A64428F11D74A0140054CFE0 /* MainMenu.xib in Resources */,
				A6F144391D75D5E900621872 /* SelectLocationViewController.xib in Resources */,
				A6C192B41D74B4A300D28CE7 /* LoginViewController.xib in Resources */,
				A68809F41D78640A00520336 /* SettingsViewController.xib in Resources */,
			);
			runOnlyForDeploymentPostprocessing = 0;
		};
		A6A486291D89A0E100B98125 /* Resources */ = {
			isa = PBXResourcesBuildPhase;
			buildActionMask = 2147483647;
			files = (
				A6A486341D89A0E100B98125 /* Assets.xcassets in Resources */,
				A6A486371D89A0E100B98125 /* MainMenu.xib in Resources */,
			);
			runOnlyForDeploymentPostprocessing = 0;
		};
/* End PBXResourcesBuildPhase section */

/* Begin PBXShellScriptBuildPhase section */
		0EA86FD8BC88791BECED7A9F /* Embed Pods Frameworks */ = {
			isa = PBXShellScriptBuildPhase;
			buildActionMask = 2147483647;
			files = (
			);
			inputPaths = (
			);
			name = "Embed Pods Frameworks";
			outputPaths = (
			);
			runOnlyForDeploymentPostprocessing = 0;
			shellPath = /bin/sh;
			shellScript = "\"${SRCROOT}/Pods/Target Support Files/Pods-AutoPrintr-mac/Pods-AutoPrintr-mac-frameworks.sh\"\n";
			showEnvVarsInLog = 0;
		};
		3AE05B7386BE3D7D901B6837 /* Check Pods Manifest.lock */ = {
			isa = PBXShellScriptBuildPhase;
			buildActionMask = 2147483647;
			files = (
			);
			inputPaths = (
			);
			name = "Check Pods Manifest.lock";
			outputPaths = (
			);
			runOnlyForDeploymentPostprocessing = 0;
			shellPath = /bin/sh;
			shellScript = "diff \"${PODS_ROOT}/../Podfile.lock\" \"${PODS_ROOT}/Manifest.lock\" > /dev/null\nif [[ $? != 0 ]] ; then\n    cat << EOM\nerror: The sandbox is not in sync with the Podfile.lock. Run 'pod install' or update your CocoaPods installation.\nEOM\n    exit 1\nfi\n";
			showEnvVarsInLog = 0;
		};
		52B7EF6055847987F8359CFC /* Copy Pods Resources */ = {
			isa = PBXShellScriptBuildPhase;
			buildActionMask = 2147483647;
			files = (
			);
			inputPaths = (
			);
			name = "Copy Pods Resources";
			outputPaths = (
			);
			runOnlyForDeploymentPostprocessing = 0;
			shellPath = /bin/sh;
			shellScript = "\"${SRCROOT}/Pods/Target Support Files/Pods-AutoPrintr-mac/Pods-AutoPrintr-mac-resources.sh\"\n";
			showEnvVarsInLog = 0;
		};
/* End PBXShellScriptBuildPhase section */

/* Begin PBXSourcesBuildPhase section */
		A64428E01D74A0130054CFE0 /* Sources */ = {
			isa = PBXSourcesBuildPhase;
			buildActionMask = 2147483647;
			files = (
				A6A1CBB21D8AE22C00C42E11 /* LogManager.m in Sources */,
				A6F144381D75D5E900621872 /* SelectLocationViewController.m in Sources */,
				A6A486241D8836A300B98125 /* LoginManager.m in Sources */,
				A664355B1D7EDF910026AE1B /* GetRegistersRequest.m in Sources */,
				A6F144321D75CA7400621872 /* PresentationAnimator.m in Sources */,
				A66435531D7DAFA50026AE1B /* DocumentSettings.m in Sources */,
				A6E5707B1D82E73200AC51B0 /* PusherManager.m in Sources */,
				A64428EC1D74A0130054CFE0 /* main.m in Sources */,
				A6F1442E1D75B54300621872 /* AlertViewManager.m in Sources */,
				A664355F1D7EE9610026AE1B /* Register.m in Sources */,
				A6F144271D75B42C00621872 /* NSViewController+Alert.m in Sources */,
				A64428E91D74A0130054CFE0 /* AppDelegate.m in Sources */,
				A6E570801D82F4D400AC51B0 /* PrintJob.m in Sources */,
				A6A1CBB51D8AEA1900C42E11 /* NSFileManager+DirectoryLocations.m in Sources */,
				A66F3B0A1D773308003EC562 /* Location.m in Sources */,
				A6C192B31D74B4A300D28CE7 /* LoginViewController.m in Sources */,
				A66F3B131D773701003EC562 /* User.m in Sources */,
				A6F1442A1D75B43E00621872 /* BaseRequest.m in Sources */,
				A66F3B0F1D773686003EC562 /* DataManager.m in Sources */,
				A66435571D7DD0700026AE1B /* Printer.m in Sources */,
				A6F1441F1D75A9F400621872 /* LoginRequest.m in Sources */,
				A68809F31D78640A00520336 /* SettingsViewController.m in Sources */,
			);
			runOnlyForDeploymentPostprocessing = 0;
		};
		A6A486271D89A0E100B98125 /* Sources */ = {
			isa = PBXSourcesBuildPhase;
			buildActionMask = 2147483647;
			files = (
				A6A486321D89A0E100B98125 /* main.m in Sources */,
				A6A4862F1D89A0E100B98125 /* AppDelegate.m in Sources */,
			);
			runOnlyForDeploymentPostprocessing = 0;
		};
/* End PBXSourcesBuildPhase section */

/* Begin PBXVariantGroup section */
		A64428EF1D74A0140054CFE0 /* MainMenu.xib */ = {
			isa = PBXVariantGroup;
			children = (
				A64428F01D74A0140054CFE0 /* Base */,
			);
			name = MainMenu.xib;
			sourceTree = "<group>";
		};
		A6A486351D89A0E100B98125 /* MainMenu.xib */ = {
			isa = PBXVariantGroup;
			children = (
				A6A486361D89A0E100B98125 /* Base */,
			);
			name = MainMenu.xib;
			sourceTree = "<group>";
		};
/* End PBXVariantGroup section */

/* Begin XCBuildConfiguration section */
		A64428F31D74A0140054CFE0 /* Debug */ = {
			isa = XCBuildConfiguration;
			buildSettings = {
				ALWAYS_SEARCH_USER_PATHS = NO;
				CLANG_ANALYZER_NONNULL = YES;
				CLANG_CXX_LANGUAGE_STANDARD = "gnu++0x";
				CLANG_CXX_LIBRARY = "libc++";
				CLANG_ENABLE_MODULES = YES;
				CLANG_ENABLE_OBJC_ARC = YES;
				CLANG_WARN_BOOL_CONVERSION = YES;
				CLANG_WARN_CONSTANT_CONVERSION = YES;
				CLANG_WARN_DIRECT_OBJC_ISA_USAGE = YES_ERROR;
				CLANG_WARN_EMPTY_BODY = YES;
				CLANG_WARN_ENUM_CONVERSION = YES;
				CLANG_WARN_INT_CONVERSION = YES;
				CLANG_WARN_OBJC_ROOT_CLASS = YES_ERROR;
				CLANG_WARN_UNREACHABLE_CODE = YES;
				CLANG_WARN__DUPLICATE_METHOD_MATCH = YES;
				CODE_SIGN_IDENTITY = "-";
				COPY_PHASE_STRIP = NO;
				DEBUG_INFORMATION_FORMAT = dwarf;
				ENABLE_STRICT_OBJC_MSGSEND = YES;
				ENABLE_TESTABILITY = YES;
				GCC_C_LANGUAGE_STANDARD = gnu99;
				GCC_DYNAMIC_NO_PIC = NO;
				GCC_NO_COMMON_BLOCKS = YES;
				GCC_OPTIMIZATION_LEVEL = 0;
				GCC_PREPROCESSOR_DEFINITIONS = (
					"DEBUG=1",
					"$(inherited)",
				);
				GCC_WARN_64_TO_32_BIT_CONVERSION = YES;
				GCC_WARN_ABOUT_RETURN_TYPE = YES_ERROR;
				GCC_WARN_UNDECLARED_SELECTOR = YES;
				GCC_WARN_UNINITIALIZED_AUTOS = YES_AGGRESSIVE;
				GCC_WARN_UNUSED_FUNCTION = YES;
				GCC_WARN_UNUSED_VARIABLE = YES;
				MACOSX_DEPLOYMENT_TARGET = 10.11;
				MTL_ENABLE_DEBUG_INFO = YES;
				ONLY_ACTIVE_ARCH = YES;
				SDKROOT = macosx;
			};
			name = Debug;
		};
		A64428F41D74A0140054CFE0 /* Release */ = {
			isa = XCBuildConfiguration;
			buildSettings = {
				ALWAYS_SEARCH_USER_PATHS = NO;
				CLANG_ANALYZER_NONNULL = YES;
				CLANG_CXX_LANGUAGE_STANDARD = "gnu++0x";
				CLANG_CXX_LIBRARY = "libc++";
				CLANG_ENABLE_MODULES = YES;
				CLANG_ENABLE_OBJC_ARC = YES;
				CLANG_WARN_BOOL_CONVERSION = YES;
				CLANG_WARN_CONSTANT_CONVERSION = YES;
				CLANG_WARN_DIRECT_OBJC_ISA_USAGE = YES_ERROR;
				CLANG_WARN_EMPTY_BODY = YES;
				CLANG_WARN_ENUM_CONVERSION = YES;
				CLANG_WARN_INT_CONVERSION = YES;
				CLANG_WARN_OBJC_ROOT_CLASS = YES_ERROR;
				CLANG_WARN_UNREACHABLE_CODE = YES;
				CLANG_WARN__DUPLICATE_METHOD_MATCH = YES;
				CODE_SIGN_IDENTITY = "-";
				COPY_PHASE_STRIP = NO;
				DEBUG_INFORMATION_FORMAT = "dwarf-with-dsym";
				ENABLE_NS_ASSERTIONS = NO;
				ENABLE_STRICT_OBJC_MSGSEND = YES;
				GCC_C_LANGUAGE_STANDARD = gnu99;
				GCC_NO_COMMON_BLOCKS = YES;
				GCC_WARN_64_TO_32_BIT_CONVERSION = YES;
				GCC_WARN_ABOUT_RETURN_TYPE = YES_ERROR;
				GCC_WARN_UNDECLARED_SELECTOR = YES;
				GCC_WARN_UNINITIALIZED_AUTOS = YES_AGGRESSIVE;
				GCC_WARN_UNUSED_FUNCTION = YES;
				GCC_WARN_UNUSED_VARIABLE = YES;
				MACOSX_DEPLOYMENT_TARGET = 10.11;
				MTL_ENABLE_DEBUG_INFO = NO;
				SDKROOT = macosx;
			};
			name = Release;
		};
		A64428F61D74A0140054CFE0 /* Debug */ = {
			isa = XCBuildConfiguration;
			baseConfigurationReference = DDFF42781D39084408BF301F /* Pods-AutoPrintr-mac.debug.xcconfig */;
			buildSettings = {
				ASSETCATALOG_COMPILER_APPICON_NAME = AppIcon;
				COMBINE_HIDPI_IMAGES = YES;
				INFOPLIST_FILE = "AutoPrintr-mac/Info.plist";
				LD_RUNPATH_SEARCH_PATHS = "$(inherited) @executable_path/../Frameworks";
				PRODUCT_BUNDLE_IDENTIFIER = "Catalin-Haidau.AutoPrintr-mac";
				PRODUCT_NAME = "$(TARGET_NAME)";
			};
			name = Debug;
		};
		A64428F71D74A0140054CFE0 /* Release */ = {
			isa = XCBuildConfiguration;
			baseConfigurationReference = D922A78609F8070A2D55325F /* Pods-AutoPrintr-mac.release.xcconfig */;
			buildSettings = {
				ASSETCATALOG_COMPILER_APPICON_NAME = AppIcon;
				COMBINE_HIDPI_IMAGES = YES;
				INFOPLIST_FILE = "AutoPrintr-mac/Info.plist";
				LD_RUNPATH_SEARCH_PATHS = "$(inherited) @executable_path/../Frameworks";
				PRODUCT_BUNDLE_IDENTIFIER = "Catalin-Haidau.AutoPrintr-mac";
				PRODUCT_NAME = "$(TARGET_NAME)";
			};
			name = Release;
		};
		A6A4863A1D89A0E100B98125 /* Debug */ = {
			isa = XCBuildConfiguration;
			buildSettings = {
				ASSETCATALOG_COMPILER_APPICON_NAME = AppIcon;
				COMBINE_HIDPI_IMAGES = YES;
				INFOPLIST_FILE = AutoPrintrHelper/Info.plist;
				LD_RUNPATH_SEARCH_PATHS = "$(inherited) @executable_path/../Frameworks";
				PRODUCT_BUNDLE_IDENTIFIER = com.x2mobile.AutoPrintrHelper;
				PRODUCT_NAME = "$(TARGET_NAME)";
				SKIP_INSTALL = YES;
			};
			name = Debug;
		};
		A6A4863B1D89A0E100B98125 /* Release */ = {
			isa = XCBuildConfiguration;
			buildSettings = {
				ASSETCATALOG_COMPILER_APPICON_NAME = AppIcon;
				COMBINE_HIDPI_IMAGES = YES;
				INFOPLIST_FILE = AutoPrintrHelper/Info.plist;
				LD_RUNPATH_SEARCH_PATHS = "$(inherited) @executable_path/../Frameworks";
				PRODUCT_BUNDLE_IDENTIFIER = com.x2mobile.AutoPrintrHelper;
				PRODUCT_NAME = "$(TARGET_NAME)";
				SKIP_INSTALL = YES;
			};
			name = Release;
		};
/* End XCBuildConfiguration section */

/* Begin XCConfigurationList section */
		A64428DF1D74A0130054CFE0 /* Build configuration list for PBXProject "AutoPrintr-mac" */ = {
			isa = XCConfigurationList;
			buildConfigurations = (
				A64428F31D74A0140054CFE0 /* Debug */,
				A64428F41D74A0140054CFE0 /* Release */,
			);
			defaultConfigurationIsVisible = 0;
			defaultConfigurationName = Release;
		};
		A64428F51D74A0140054CFE0 /* Build configuration list for PBXNativeTarget "AutoPrintr-mac" */ = {
			isa = XCConfigurationList;
			buildConfigurations = (
				A64428F61D74A0140054CFE0 /* Debug */,
				A64428F71D74A0140054CFE0 /* Release */,
			);
			defaultConfigurationIsVisible = 0;
			defaultConfigurationName = Release;
		};
		A6A486391D89A0E100B98125 /* Build configuration list for PBXNativeTarget "AutoPrintrHelper" */ = {
			isa = XCConfigurationList;
			buildConfigurations = (
				A6A4863A1D89A0E100B98125 /* Debug */,
				A6A4863B1D89A0E100B98125 /* Release */,
			);
			defaultConfigurationIsVisible = 0;
			defaultConfigurationName = Release;
		};
/* End XCConfigurationList section */
	};
	rootObject = A64428DC1D74A0130054CFE0 /* Project object */;
}
